Microsoft Visual Studio Solution File, Format Version 11.00
# Visual Studio 2010
Project("{FAE04EC0-301F-11D3-BF4B-00C04F79EFBC}") = "PrintDocumentFromUIWpf", "PrintDocumentFromUIWpf.csproj", "{5189D128-734D-4046-81BE-F12C8A650FFD}"
EndProject
Global
	GlobalSection(SolutionConfigurationPlatforms) = preSolution
		Debug|Any CPU = Debug|Any CPU
		Release|Any CPU = Release|Any CPU
	EndGlobalSection
	GlobalSection(ProjectConfigurationPlatforms) = postSolution
		{5189D128-734D-4046-81BE-F12C8A650FFD}.Debug|Any CPU.ActiveCfg = Debug|Any CPU
		{5189D128-734D-4046-81BE-F12C8A650FFD}.Debug|Any CPU.Build.0 = Debug|Any CPU
		{5189D128-734D-4046-81BE-F12C8A650FFD}.Release|Any CPU.ActiveCfg = Release|Any CPU
		{5189D128-734D-4046-81BE-F12C8A650FFD}.Release|Any CPU.Build.0 = Release|Any CPU
	EndGlobalSection
	GlobalSection(SolutionProperties) = preSolution
		HideSolutionNode = FALSE
	EndGlobalSection
EndGlobal
